// !$*UTF8*$!
{
	archiveVersion = 1;
	classes = {
	};
	objectVersion = 46;
	objects = {

/* Begin PBXBuildFile section */
		BC6C91C2204231D6006C692B /* AddViewController.swift in Sources */ = {isa = PBXBuildFile; fileRef = BC6C91C1204231D6006C692B /* AddViewController.swift */; };
		BC6C91C42043040A006C692B /* EditCellViewController.swift in Sources */ = {isa = PBXBuildFile; fileRef = BC6C91C32043040A006C692B /* EditCellViewController.swift */; };
		BC8A668E20348C7300854ADC /* AppDelegate.swift in Sources */ = {isa = PBXBuildFile; fileRef = BC8A668D20348C7300854ADC /* AppDelegate.swift */; };
		BC8A669020348C7300854ADC /* ViewController.swift in Sources */ = {isa = PBXBuildFile; fileRef = BC8A668F20348C7300854ADC /* ViewController.swift */; };
		BC8A669320348C7300854ADC /* Main.storyboard in Resources */ = {isa = PBXBuildFile; fileRef = BC8A669120348C7300854ADC /* Main.storyboard */; };
		BC8A669520348C7300854ADC /* Assets.xcassets in Resources */ = {isa = PBXBuildFile; fileRef = BC8A669420348C7300854ADC /* Assets.xcassets */; };
		BC8A669820348C7300854ADC /* LaunchScreen.storyboard in Resources */ = {isa = PBXBuildFile; fileRef = BC8A669620348C7300854ADC /* LaunchScreen.storyboard */; };
		BC8A66A320348C7300854ADC /* TaskListTests.swift in Sources */ = {isa = PBXBuildFile; fileRef = BC8A66A220348C7300854ADC /* TaskListTests.swift */; };
		BC8A66AE20348C7300854ADC /* TaskListUITests.swift in Sources */ = {isa = PBXBuildFile; fileRef = BC8A66AD20348C7300854ADC /* TaskListUITests.swift */; };
		BC8A66BC2035046000854ADC /* TableViewController.swift in Sources */ = {isa = PBXBuildFile; fileRef = BC8A66BB2035046000854ADC /* TableViewController.swift */; };
		BC8A66BE2035048400854ADC /* TaskFrame.swift in Sources */ = {isa = PBXBuildFile; fileRef = BC8A66BD2035048400854ADC /* TaskFrame.swift */; };
		BCF12BF920445F0900433F72 /* montserrat-black.otf in Resources */ = {isa = PBXBuildFile; fileRef = BCF12BF820445F0900433F72 /* montserrat-black.otf */; };
		BCF12BFA204461CB00433F72 /* montserrat-black.otf in Resources */ = {isa = PBXBuildFile; fileRef = BCF12BF820445F0900433F72 /* montserrat-black.otf */; };
		BCF12BFB204461CC00433F72 /* montserrat-black.otf in Resources */ = {isa = PBXBuildFile; fileRef = BCF12BF820445F0900433F72 /* montserrat-black.otf */; };
/* End PBXBuildFile section */

/* Begin PBXContainerItemProxy section */
		BC8A669F20348C7300854ADC /* PBXContainerItemProxy */ = {
			isa = PBXContainerItemProxy;
			containerPortal = BC8A668220348C7200854ADC /* Project object */;
			proxyType = 1;
			remoteGlobalIDString = BC8A668920348C7200854ADC;
			remoteInfo = TaskList;
		};
		BC8A66AA20348C7300854ADC /* PBXContainerItemProxy */ = {
			isa = PBXContainerItemProxy;
			containerPortal = BC8A668220348C7200854ADC /* Project object */;
			proxyType = 1;
			remoteGlobalIDString = BC8A668920348C7200854ADC;
			remoteInfo = TaskList;
		};
/* End PBXContainerItemProxy section */

/* Begin PBXFileReference section */
		BC6C91C1204231D6006C692B /* AddViewController.swift */ = {isa = PBXFileReference; lastKnownFileType = sourcecode.swift; path = AddViewController.swift; sourceTree = "<group>"; };
		BC6C91C32043040A006C692B /* EditCellViewController.swift */ = {isa = PBXFileReference; lastKnownFileType = sourcecode.swift; path = EditCellViewController.swift; sourceTree = "<group>"; };
		BC8A668A20348C7300854ADC /* TaskList.app */ = {isa = PBXFileReference; explicitFileType = wrapper.application; includeInIndex = 0; path = TaskList.app; sourceTree = BUILT_PRODUCTS_DIR; };
		BC8A668D20348C7300854ADC /* AppDelegate.swift */ = {isa = PBXFileReference; lastKnownFileType = sourcecode.swift; path = AppDelegate.swift; sourceTree = "<group>"; };
		BC8A668F20348C7300854ADC /* ViewController.swift */ = {isa = PBXFileReference; lastKnownFileType = sourcecode.swift; path = ViewController.swift; sourceTree = "<group>"; };
		BC8A669220348C7300854ADC /* Base */ = {isa = PBXFileReference; lastKnownFileType = file.storyboard; name = Base; path = Base.lproj/Main.storyboard; sourceTree = "<group>"; };
		BC8A669420348C7300854ADC /* Assets.xcassets */ = {isa = PBXFileReference; lastKnownFileType = folder.assetcatalog; path = Assets.xcassets; sourceTree = "<group>"; };
		BC8A669720348C7300854ADC /* Base */ = {isa = PBXFileReference; lastKnownFileType = file.storyboard; name = Base; path = Base.lproj/LaunchScreen.storyboard; sourceTree = "<group>"; };
		BC8A669920348C7300854ADC /* Info.plist */ = {isa = PBXFileReference; lastKnownFileType = text.plist.xml; path = Info.plist; sourceTree = "<group>"; };
		BC8A669E20348C7300854ADC /* TaskListTests.xctest */ = {isa = PBXFileReference; explicitFileType = wrapper.cfbundle; includeInIndex = 0; path = TaskListTests.xctest; sourceTree = BUILT_PRODUCTS_DIR; };
		BC8A66A220348C7300854ADC /* TaskListTests.swift */ = {isa = PBXFileReference; lastKnownFileType = sourcecode.swift; path = TaskListTests.swift; sourceTree = "<group>"; };
		BC8A66A420348C7300854ADC /* Info.plist */ = {isa = PBXFileReference; lastKnownFileType = text.plist.xml; path = Info.plist; sourceTree = "<group>"; };
		BC8A66A920348C7300854ADC /* TaskListUITests.xctest */ = {isa = PBXFileReference; explicitFileType = wrapper.cfbundle; includeInIndex = 0; path = TaskListUITests.xctest; sourceTree = BUILT_PRODUCTS_DIR; };
		BC8A66AD20348C7300854ADC /* TaskListUITests.swift */ = {isa = PBXFileReference; lastKnownFileType = sourcecode.swift; path = TaskListUITests.swift; sourceTree = "<group>"; };
		BC8A66AF20348C7300854ADC /* Info.plist */ = {isa = PBXFileReference; lastKnownFileType = text.plist.xml; path = Info.plist; sourceTree = "<group>"; };
		BC8A66BB2035046000854ADC /* TableViewController.swift */ = {isa = PBXFileReference; fileEncoding = 4; lastKnownFileType = sourcecode.swift; path = TableViewController.swift; sourceTree = "<group>"; };
		BC8A66BD2035048400854ADC /* TaskFrame.swift */ = {isa = PBXFileReference; fileEncoding = 4; lastKnownFileType = sourcecode.swift; path = TaskFrame.swift; sourceTree = "<group>"; };
		BCF12BF820445F0900433F72 /* montserrat-black.otf */ = {isa = PBXFileReference; lastKnownFileType = file; name = "montserrat-black.otf"; path = "../../../../../Downloads/montserrat-black.otf"; sourceTree = "<group>"; };
/* End PBXFileReference section */

/* Begin PBXFrameworksBuildPhase section */
		BC8A668720348C7200854ADC /* Frameworks */ = {
			isa = PBXFrameworksBuildPhase;
			buildActionMask = 2147483647;
			files = (
			);
			runOnlyForDeploymentPostprocessing = 0;
		};
		BC8A669B20348C7300854ADC /* Frameworks */ = {
			isa = PBXFrameworksBuildPhase;
			buildActionMask = 2147483647;
			files = (
			);
			runOnlyForDeploymentPostprocessing = 0;
		};
		BC8A66A620348C7300854ADC /* Frameworks */ = {
			isa = PBXFrameworksBuildPhase;
			buildActionMask = 2147483647;
			files = (
			);
			runOnlyForDeploymentPostprocessing = 0;
		};
/* End PBXFrameworksBuildPhase section */

/* Begin PBXGroup section */
		BC8A668120348C7200854ADC = {
			isa = PBXGroup;
			children = (
				BC8A668C20348C7300854ADC /* TaskList */,
				BC8A66A120348C7300854ADC /* TaskListTests */,
				BC8A66AC20348C7300854ADC /* TaskListUITests */,
				BC8A668B20348C7300854ADC /* Products */,
			);
			sourceTree = "<group>";
		};
		BC8A668B20348C7300854ADC /* Products */ = {
			isa = PBXGroup;
			children = (
				BC8A668A20348C7300854ADC /* TaskList.app */,
				BC8A669E20348C7300854ADC /* TaskListTests.xctest */,
				BC8A66A920348C7300854ADC /* TaskListUITests.xctest */,
			);
			name = Products;
			sourceTree = "<group>";
		};
		BC8A668C20348C7300854ADC /* TaskList */ = {
			isa = PBXGroup;
			children = (
				BCF12BF720445EE600433F72 /* fonts */,
				BC8A668D20348C7300854ADC /* AppDelegate.swift */,
				BC8A668F20348C7300854ADC /* ViewController.swift */,
				BC8A669120348C7300854ADC /* Main.storyboard */,
				BC6C91C32043040A006C692B /* EditCellViewController.swift */,
				BC6C91C1204231D6006C692B /* AddViewController.swift */,
				BC8A669420348C7300854ADC /* Assets.xcassets */,
				BC8A669620348C7300854ADC /* LaunchScreen.storyboard */,
				BC8A669920348C7300854ADC /* Info.plist */,
				BC8A66BB2035046000854ADC /* TableViewController.swift */,
				BC8A66BD2035048400854ADC /* TaskFrame.swift */,
			);
			path = TaskList;
			sourceTree = "<group>";
		};
		BC8A66A120348C7300854ADC /* TaskListTests */ = {
			isa = PBXGroup;
			children = (
				BC8A66A220348C7300854ADC /* TaskListTests.swift */,
				BC8A66A420348C7300854ADC /* Info.plist */,
			);
			path = TaskListTests;
			sourceTree = "<group>";
		};
		BC8A66AC20348C7300854ADC /* TaskListUITests */ = {
			isa = PBXGroup;
			children = (
				BC8A66AD20348C7300854ADC /* TaskListUITests.swift */,
				BC8A66AF20348C7300854ADC /* Info.plist */,
			);
			path = TaskListUITests;
			sourceTree = "<group>";
		};
		BCF12BF720445EE600433F72 /* fonts */ = {
			isa = PBXGroup;
			children = (
				BCF12BF820445F0900433F72 /* montserrat-black.otf */,
			);
			path = fonts;
			sourceTree = "<group>";
		};
/* End PBXGroup section */

/* Begin PBXNativeTarget section */
		BC8A668920348C7200854ADC /* TaskList */ = {
			isa = PBXNativeTarget;
			buildConfigurationList = BC8A66B220348C7300854ADC /* Build configuration list for PBXNativeTarget "TaskList" */;
			buildPhases = (
				BC8A668620348C7200854ADC /* Sources */,
				BC8A668720348C7200854ADC /* Frameworks */,
				BC8A668820348C7200854ADC /* Resources */,
			);
			buildRules = (
			);
			dependencies = (
			);
			name = TaskList;
			productName = TaskList;
			productReference = BC8A668A20348C7300854ADC /* TaskList.app */;
			productType = "com.apple.product-type.application";
		};
		BC8A669D20348C7300854ADC /* TaskListTests */ = {
			isa = PBXNativeTarget;
			buildConfigurationList = BC8A66B520348C7300854ADC /* Build configuration list for PBXNativeTarget "TaskListTests" */;
			buildPhases = (
				BC8A669A20348C7300854ADC /* Sources */,
				BC8A669B20348C7300854ADC /* Frameworks */,
				BC8A669C20348C7300854ADC /* Resources */,
			);
			buildRules = (
			);
			dependencies = (
				BC8A66A020348C7300854ADC /* PBXTargetDependency */,
			);
			name = TaskListTests;
			productName = TaskListTests;
			productReference = BC8A669E20348C7300854ADC /* TaskListTests.xctest */;
			productType = "com.apple.product-type.bundle.unit-test";
		};
		BC8A66A820348C7300854ADC /* TaskListUITests */ = {
			isa = PBXNativeTarget;
			buildConfigurationList = BC8A66B820348C7300854ADC /* Build configuration list for PBXNativeTarget "TaskListUITests" */;
			buildPhases = (
				BC8A66A520348C7300854ADC /* Sources */,
				BC8A66A620348C7300854ADC /* Frameworks */,
				BC8A66A720348C7300854ADC /* Resources */,
			);
			buildRules = (
			);
			dependencies = (
				BC8A66AB20348C7300854ADC /* PBXTargetDependency */,
			);
			name = TaskListUITests;
			productName = TaskListUITests;
			productReference = BC8A66A920348C7300854ADC /* TaskListUITests.xctest */;
			productType = "com.apple.product-type.bundle.ui-testing";
		};
/* End PBXNativeTarget section */

/* Begin PBXProject section */
		BC8A668220348C7200854ADC /* Project object */ = {
			isa = PBXProject;
			attributes = {
				LastSwiftUpdateCheck = 0830;
				LastUpgradeCheck = 0920;
				ORGANIZATIONNAME = "Chris Allen";
				TargetAttributes = {
					BC8A668920348C7200854ADC = {
						CreatedOnToolsVersion = 8.3.3;
						LastSwiftMigration = 0920;
						ProvisioningStyle = Automatic;
					};
					BC8A669D20348C7300854ADC = {
						CreatedOnToolsVersion = 8.3.3;
						LastSwiftMigration = 0920;
						ProvisioningStyle = Automatic;
						TestTargetID = BC8A668920348C7200854ADC;
					};
					BC8A66A820348C7300854ADC = {
						CreatedOnToolsVersion = 8.3.3;
						LastSwiftMigration = 0920;
						ProvisioningStyle = Automatic;
						TestTargetID = BC8A668920348C7200854ADC;
					};
				};
			};
			buildConfigurationList = BC8A668520348C7200854ADC /* Build configuration list for PBXProject "TaskList" */;
			compatibilityVersion = "Xcode 3.2";
			developmentRegion = English;
			hasScannedForEncodings = 0;
			knownRegions = (
				en,
				Base,
			);
			mainGroup = BC8A668120348C7200854ADC;
			productRefGroup = BC8A668B20348C7300854ADC /* Products */;
			projectDirPath = "";
			projectRoot = "";
			targets = (
				BC8A668920348C7200854ADC /* TaskList */,
				BC8A669D20348C7300854ADC /* TaskListTests */,
				BC8A66A820348C7300854ADC /* TaskListUITests */,
			);
		};
/* End PBXProject section */

/* Begin PBXResourcesBuildPhase section */
		BC8A668820348C7200854ADC /* Resources */ = {
			isa = PBXResourcesBuildPhase;
			buildActionMask = 2147483647;
			files = (
				BCF12BF920445F0900433F72 /* montserrat-black.otf in Resources */,
				BC8A669820348C7300854ADC /* LaunchScreen.storyboard in Resources */,
				BC8A669520348C7300854ADC /* Assets.xcassets in Resources */,
				BC8A669320348C7300854ADC /* Main.storyboard in Resources */,
			);
			runOnlyForDeploymentPostprocessing = 0;
		};
		BC8A669C20348C7300854ADC /* Resources */ = {
			isa = PBXResourcesBuildPhase;
			buildActionMask = 2147483647;
			files = (
				BCF12BFA204461CB00433F72 /* montserrat-black.otf in Resources */,
			);
			runOnlyForDeploymentPostprocessing = 0;
		};
		BC8A66A720348C7300854ADC /* Resources */ = {
			isa = PBXResourcesBuildPhase;
			buildActionMask = 2147483647;
			files = (
				BCF12BFB204461CC00433F72 /* montserrat-black.otf in Resources */,
			);
			runOnlyForDeploymentPostprocessing = 0;
		};
/* End PBXResourcesBuildPhase section */

/* Begin PBXSourcesBuildPhase section */
		BC8A668620348C7200854ADC /* Sources */ = {
			isa = PBXSourcesBuildPhase;
			buildActionMask = 2147483647;
			files = (
				BC6C91C2204231D6006C692B /* AddViewController.swift in Sources */,
				BC8A66BE2035048400854ADC /* TaskFrame.swift in Sources */,
				BC8A669020348C7300854ADC /* ViewController.swift in Sources */,
				BC8A66BC2035046000854ADC /* TableViewController.swift in Sources */,
				BC6C91C42043040A006C692B /* EditCellViewController.swift in Sources */,
				BC8A668E20348C7300854ADC /* AppDelegate.swift in Sources */,
			);
			runOnlyForDeploymentPostprocessing = 0;
		};
		BC8A669A20348C7300854ADC /* Sources */ = {
			isa = PBXSourcesBuildPhase;
			buildActionMask = 2147483647;
			files = (
				BC8A66A320348C7300854ADC /* TaskListTests.swift in Sources */,
			);
			runOnlyForDeploymentPostprocessing = 0;
		};
		BC8A66A520348C7300854ADC /* Sources */ = {
			isa = PBXSourcesBuildPhase;
			buildActionMask = 2147483647;
			files = (
				BC8A66AE20348C7300854ADC /* TaskListUITests.swift in Sources */,
			);
			runOnlyForDeploymentPostprocessing = 0;
		};
/* End PBXSourcesBuildPhase section */

/* Begin PBXTargetDependency section */
		BC8A66A020348C7300854ADC /* PBXTargetDependency */ = {
			isa = PBXTargetDependency;
			target = BC8A668920348C7200854ADC /* TaskList */;
			targetProxy = BC8A669F20348C7300854ADC /* PBXContainerItemProxy */;
		};
		BC8A66AB20348C7300854ADC /* PBXTargetDependency */ = {
			isa = PBXTargetDependency;
			target = BC8A668920348C7200854ADC /* TaskList */;
			targetProxy = BC8A66AA20348C7300854ADC /* PBXContainerItemProxy */;
		};
/* End PBXTargetDependency section */

/* Begin PBXVariantGroup section */
		BC8A669120348C7300854ADC /* Main.storyboard */ = {
			isa = PBXVariantGroup;
			children = (
				BC8A669220348C7300854ADC /* Base */,
			);
			name = Main.storyboard;
			sourceTree = "<group>";
		};
		BC8A669620348C7300854ADC /* LaunchScreen.storyboard */ = {
			isa = PBXVariantGroup;
			children = (
				BC8A669720348C7300854ADC /* Base */,
			);
			name = LaunchScreen.storyboard;
			sourceTree = "<group>";
		};
/* End PBXVariantGroup section */

/* Begin XCBuildConfiguration section */
		BC8A66B020348C7300854ADC /* Debug */ = {
			isa = XCBuildConfiguration;
			buildSettings = {
				ALWAYS_SEARCH_USER_PATHS = NO;
				CLANG_ANALYZER_NONNULL = YES;
				CLANG_ANALYZER_NUMBER_OBJECT_CONVERSION = YES_AGGRESSIVE;
				CLANG_CXX_LANGUAGE_STANDARD = "gnu++0x";
				CLANG_CXX_LIBRARY = "libc++";
				CLANG_ENABLE_MODULES = YES;
				CLANG_ENABLE_OBJC_ARC = YES;
				CLANG_WARN_BLOCK_CAPTURE_AUTORELEASING = YES;
				CLANG_WARN_BOOL_CONVERSION = YES;
				CLANG_WARN_COMMA = YES;
				CLANG_WARN_CONSTANT_CONVERSION = YES;
				CLANG_WARN_DIRECT_OBJC_ISA_USAGE = YES_ERROR;
				CLANG_WARN_DOCUMENTATION_COMMENTS = YES;
				CLANG_WARN_EMPTY_BODY = YES;
				CLANG_WARN_ENUM_CONVERSION = YES;
				CLANG_WARN_INFINITE_RECURSION = YES;
				CLANG_WARN_INT_CONVERSION = YES;
				CLANG_WARN_NON_LITERAL_NULL_CONVERSION = YES;
				CLANG_WARN_OBJC_LITERAL_CONVERSION = YES;
				CLANG_WARN_OBJC_ROOT_CLASS = YES_ERROR;
				CLANG_WARN_RANGE_LOOP_ANALYSIS = YES;
				CLANG_WARN_STRICT_PROTOTYPES = YES;
				CLANG_WARN_SUSPICIOUS_MOVE = YES;
				CLANG_WARN_UNREACHABLE_CODE = YES;
				CLANG_WARN__DUPLICATE_METHOD_MATCH = YES;
				"CODE_SIGN_IDENTITY[sdk=iphoneos*]" = "iPhone Developer";
				COPY_PHASE_STRIP = NO;
				DEBUG_INFORMATION_FORMAT = dwarf;
				ENABLE_STRICT_OBJC_MSGSEND = YES;
				ENABLE_TESTABILITY = YES;
				GCC_C_LANGUAGE_STANDARD = gnu99;
				GCC_DYNAMIC_NO_PIC = NO;
				GCC_NO_COMMON_BLOCKS = YES;
				GCC_OPTIMIZATION_LEVEL = 0;
				GCC_PREPROCESSOR_DEFINITIONS = (
					"DEBUG=1",
					"$(inherited)",
				);
				GCC_WARN_64_TO_32_BIT_CONVERSION = YES;
				GCC_WARN_ABOUT_RETURN_TYPE = YES_ERROR;
				GCC_WARN_UNDECLARED_SELECTOR = YES;
				GCC_WARN_UNINITIALIZED_AUTOS = YES_AGGRESSIVE;
				GCC_WARN_UNUSED_FUNCTION = YES;
				GCC_WARN_UNUSED_VARIABLE = YES;
				IPHONEOS_DEPLOYMENT_TARGET = 10.3;
				MTL_ENABLE_DEBUG_INFO = YES;
				ONLY_ACTIVE_ARCH = YES;
				SDKROOT = iphoneos;
				SWIFT_ACTIVE_COMPILATION_CONDITIONS = DEBUG;
				SWIFT_OPTIMIZATION_LEVEL = "-Onone";
				TARGETED_DEVICE_FAMILY = "1,2";
			};
			name = Debug;
		};
		BC8A66B120348C7300854ADC /* Release */ = {
			isa = XCBuildConfiguration;
			buildSettings = {
				ALWAYS_SEARCH_USER_PATHS = NO;
				CLANG_ANALYZER_NONNULL = YES;
				CLANG_ANALYZER_NUMBER_OBJECT_CONVERSION = YES_AGGRESSIVE;
				CLANG_CXX_LANGUAGE_STANDARD = "gnu++0x";
				CLANG_CXX_LIBRARY = "libc++";
				CLANG_ENABLE_MODULES = YES;
				CLANG_ENABLE_OBJC_ARC = YES;
				CLANG_WARN_BLOCK_CAPTURE_AUTORELEASING = YES;
				CLANG_WARN_BOOL_CONVERSION = YES;
				CLANG_WARN_COMMA = YES;
				CLANG_WARN_CONSTANT_CONVERSION = YES;
				CLANG_WARN_DIRECT_OBJC_ISA_USAGE = YES_ERROR;
				CLANG_WARN_DOCUMENTATION_COMMENTS = YES;
				CLANG_WARN_EMPTY_BODY = YES;
				CLANG_WARN_ENUM_CONVERSION = YES;
				CLANG_WARN_INFINITE_RECURSION = YES;
				CLANG_WARN_INT_CONVERSION = YES;
				CLANG_WARN_NON_LITERAL_NULL_CONVERSION = YES;
				CLANG_WARN_OBJC_LITERAL_CONVERSION = YES;
				CLANG_WARN_OBJC_ROOT_CLASS = YES_ERROR;
				CLANG_WARN_RANGE_LOOP_ANALYSIS = YES;
				CLANG_WARN_STRICT_PROTOTYPES = YES;
				CLANG_WARN_SUSPICIOUS_MOVE = YES;
				CLANG_WARN_UNREACHABLE_CODE = YES;
				CLANG_WARN__DUPLICATE_METHOD_MATCH = YES;
				"CODE_SIGN_IDENTITY[sdk=iphoneos*]" = "iPhone Developer";
				COPY_PHASE_STRIP = NO;
				DEBUG_INFORMATION_FORMAT = "dwarf-with-dsym";
				ENABLE_NS_ASSERTIONS = NO;
				ENABLE_STRICT_OBJC_MSGSEND = YES;
				GCC_C_LANGUAGE_STANDARD = gnu99;
				GCC_NO_COMMON_BLOCKS = YES;
				GCC_WARN_64_TO_32_BIT_CONVERSION = YES;
				GCC_WARN_ABOUT_RETURN_TYPE = YES_ERROR;
				GCC_WARN_UNDECLARED_SELECTOR = YES;
				GCC_WARN_UNINITIALIZED_AUTOS = YES_AGGRESSIVE;
				GCC_WARN_UNUSED_FUNCTION = YES;
				GCC_WARN_UNUSED_VARIABLE = YES;
				IPHONEOS_DEPLOYMENT_TARGET = 10.3;
				MTL_ENABLE_DEBUG_INFO = NO;
				SDKROOT = iphoneos;
				SWIFT_OPTIMIZATION_LEVEL = "-Owholemodule";
				TARGETED_DEVICE_FAMILY = "1,2";
				VALIDATE_PRODUCT = YES;
			};
			name = Release;
		};
		BC8A66B320348C7300854ADC /* Debug */ = {
			isa = XCBuildConfiguration;
			buildSettings = {
				ASSETCATALOG_COMPILER_APPICON_NAME = AppIcon;
				INFOPLIST_FILE = TaskList/Info.plist;
				LD_RUNPATH_SEARCH_PATHS = "$(inherited) @executable_path/Frameworks";
				PRODUCT_BUNDLE_IDENTIFIER = chrisallen.TaskList;
				PRODUCT_NAME = "$(TARGET_NAME)";
				SWIFT_SWIFT3_OBJC_INFERENCE = Default;
				SWIFT_VERSION = 4.0;
			};
			name = Debug;
		};
		BC8A66B420348C7300854ADC /* Release */ = {
			isa = XCBuildConfiguration;
			buildSettings = {
				ASSETCATALOG_COMPILER_APPICON_NAME = AppIcon;
				INFOPLIST_FILE = TaskList/Info.plist;
				LD_RUNPATH_SEARCH_PATHS = "$(inherited) @executable_path/Frameworks";
				PRODUCT_BUNDLE_IDENTIFIER = chrisallen.TaskList;
				PRODUCT_NAME = "$(TARGET_NAME)";
				SWIFT_SWIFT3_OBJC_INFERENCE = Default;
				SWIFT_VERSION = 4.0;
			};
			name = Release;
		};
		BC8A66B620348C7300854ADC /* Debug */ = {
			isa = XCBuildConfiguration;
			buildSettings = {
				ALWAYS_EMBED_SWIFT_STANDARD_LIBRARIES = YES;
				BUNDLE_LOADER = "$(TEST_HOST)";
				INFOPLIST_FILE = TaskListTests/Info.plist;
				LD_RUNPATH_SEARCH_PATHS = "$(inherited) @executable_path/Frameworks @loader_path/Frameworks";
				PRODUCT_BUNDLE_IDENTIFIER = chrisallen.TaskListTests;
				PRODUCT_NAME = "$(TARGET_NAME)";
				SWIFT_SWIFT3_OBJC_INFERENCE = Default;
				SWIFT_VERSION = 4.0;
				TEST_HOST = "$(BUILT_PRODUCTS_DIR)/TaskList.app/TaskList";
			};
			name = Debug;
		};
		BC8A66B720348C7300854ADC /* Release */ = {
			isa = XCBuildConfiguration;
			buildSettings = {
				ALWAYS_EMBED_SWIFT_STANDARD_LIBRARIES = YES;
				BUNDLE_LOADER = "$(TEST_HOST)";
				INFOPLIST_FILE = TaskListTests/Info.plist;
				LD_RUNPATH_SEARCH_PATHS = "$(inherited) @executable_path/Frameworks @loader_path/Frameworks";
				PRODUCT_BUNDLE_IDENTIFIER = chrisallen.TaskListTests;
				PRODUCT_NAME = "$(TARGET_NAME)";
				SWIFT_SWIFT3_OBJC_INFERENCE = Default;
				SWIFT_VERSION = 4.0;
				TEST_HOST = "$(BUILT_PRODUCTS_DIR)/TaskList.app/TaskList";
			};
			name = Release;
		};
		BC8A66B920348C7300854ADC /* Debug */ = {
			isa = XCBuildConfiguration;
			buildSettings = {
				ALWAYS_EMBED_SWIFT_STANDARD_LIBRARIES = YES;
				INFOPLIST_FILE = TaskListUITests/Info.plist;
				LD_RUNPATH_SEARCH_PATHS = "$(inherited) @executable_path/Frameworks @loader_path/Frameworks";
				PRODUCT_BUNDLE_IDENTIFIER = chrisallen.TaskListUITests;
				PRODUCT_NAME = "$(TARGET_NAME)";
				SWIFT_SWIFT3_OBJC_INFERENCE = Default;
				SWIFT_VERSION = 4.0;
				TEST_TARGET_NAME = TaskList;
			};
			name = Debug;
		};
		BC8A66BA20348C7300854ADC /* Release */ = {
			isa = XCBuildConfiguration;
			buildSettings = {
				ALWAYS_EMBED_SWIFT_STANDARD_LIBRARIES = YES;
				INFOPLIST_FILE = TaskListUITests/Info.plist;
				LD_RUNPATH_SEARCH_PATHS = "$(inherited) @executable_path/Frameworks @loader_path/Frameworks";
				PRODUCT_BUNDLE_IDENTIFIER = chrisallen.TaskListUITests;
				PRODUCT_NAME = "$(TARGET_NAME)";
				SWIFT_SWIFT3_OBJC_INFERENCE = Default;
				SWIFT_VERSION = 4.0;
				TEST_TARGET_NAME = TaskList;
			};
			name = Release;
		};
/* End XCBuildConfiguration section */

/* Begin XCConfigurationList section */
		BC8A668520348C7200854ADC /* Build configuration list for PBXProject "TaskList" */ = {
			isa = XCConfigurationList;
			buildConfigurations = (
				BC8A66B020348C7300854ADC /* Debug */,
				BC8A66B120348C7300854ADC /* Release */,
			);
			defaultConfigurationIsVisible = 0;
			defaultConfigurationName = Release;
		};
		BC8A66B220348C7300854ADC /* Build configuration list for PBXNativeTarget "TaskList" */ = {
			isa = XCConfigurationList;
			buildConfigurations = (
				BC8A66B320348C7300854ADC /* Debug */,
				BC8A66B420348C7300854ADC /* Release */,
			);
			defaultConfigurationIsVisible = 0;
			defaultConfigurationName = Release;
		};
		BC8A66B520348C7300854ADC /* Build configuration list for PBXNativeTarget "TaskListTests" */ = {
			isa = XCConfigurationList;
			buildConfigurations = (
				BC8A66B620348C7300854ADC /* Debug */,
				BC8A66B720348C7300854ADC /* Release */,
			);
			defaultConfigurationIsVisible = 0;
			defaultConfigurationName = Release;
		};
		BC8A66B820348C7300854ADC /* Build configuration list for PBXNativeTarget "TaskListUITests" */ = {
			isa = XCConfigurationList;
			buildConfigurations = (
				BC8A66B920348C7300854ADC /* Debug */,
				BC8A66BA20348C7300854ADC /* Release */,
			);
			defaultConfigurationIsVisible = 0;
			defaultConfigurationName = Release;
		};
/* End XCConfigurationList section */
	};
	rootObject = BC8A668220348C7200854ADC /* Project object */;
}
